// !$*UTF8*$!
{
	archiveVersion = 1;
	classes = {
	};
	objectVersion = 46;
	objects = {

/* Begin PBXBuildFile section */
		2D077F01163345690063C031 /* DspDemo.1 in CopyFiles */ = {isa = PBXBuildFile; fileRef = 2D077F00163345690063C031 /* DspDemo.1 */; };
		2D077F15163345940063C031 /* DspOscillator.cpp in Sources */ = {isa = PBXBuildFile; fileRef = 2D077F12163345940063C031 /* DspOscillator.cpp */; };
		2D077F16163345940063C031 /* main.cpp in Sources */ = {isa = PBXBuildFile; fileRef = 2D077F14163345940063C031 /* main.cpp */; };
		2D077F25163345B80063C031 /* AudioToolbox.framework in Frameworks */ = {isa = PBXBuildFile; fileRef = 2D077F21163345B80063C031 /* AudioToolbox.framework */; };
		2D077F26163345B80063C031 /* AudioUnit.framework in Frameworks */ = {isa = PBXBuildFile; fileRef = 2D077F22163345B80063C031 /* AudioUnit.framework */; };
		2D077F27163345B80063C031 /* CoreAudio.framework in Frameworks */ = {isa = PBXBuildFile; fileRef = 2D077F23163345B80063C031 /* CoreAudio.framework */; };
		2D077F28163345B80063C031 /* CoreServices.framework in Frameworks */ = {isa = PBXBuildFile; fileRef = 2D077F24163345B80063C031 /* CoreServices.framework */; };
		2D077F341633462F0063C031 /* libmpg123.0.dylib in Frameworks */ = {isa = PBXBuildFile; fileRef = 2D077F331633462F0063C031 /* libmpg123.0.dylib */; };
		2D077F371633464E0063C031 /* libDspDemoComponents.a in Frameworks */ = {isa = PBXBuildFile; fileRef = 2D077F361633464E0063C031 /* libDspDemoComponents.a */; };
		2D077F39163346C30063C031 /* libDSPatch.a in Frameworks */ = {isa = PBXBuildFile; fileRef = 2D077F38163346C30063C031 /* libDSPatch.a */; };
		2D82E67A1633487000F8DD19 /* libmpg123.0.dylib in CopyFiles */ = {isa = PBXBuildFile; fileRef = 2D077F331633462F0063C031 /* libmpg123.0.dylib */; };
/* End PBXBuildFile section */

/* Begin PBXCopyFilesBuildPhase section */
		2D077EF8163345690063C031 /* CopyFiles */ = {
			isa = PBXCopyFilesBuildPhase;
			buildActionMask = 2147483647;
			dstPath = /usr/share/man/man1/;
			dstSubfolderSpec = 0;
			files = (
				2D077F01163345690063C031 /* DspDemo.1 in CopyFiles */,
			);
			runOnlyForDeploymentPostprocessing = 1;
		};
		2D82E6791633486700F8DD19 /* CopyFiles */ = {
			isa = PBXCopyFilesBuildPhase;
			buildActionMask = 2147483647;
			dstPath = "";
			dstSubfolderSpec = 6;
			files = (
				2D82E67A1633487000F8DD19 /* libmpg123.0.dylib in CopyFiles */,
			);
			runOnlyForDeploymentPostprocessing = 0;
		};
/* End PBXCopyFilesBuildPhase section */

/* Begin PBXFileReference section */
		2D077EFA163345690063C031 /* DspDemo */ = {isa = PBXFileReference; explicitFileType = "compiled.mach-o.executable"; includeInIndex = 0; path = DspDemo; sourceTree = BUILT_PRODUCTS_DIR; };
		2D077F00163345690063C031 /* DspDemo.1 */ = {isa = PBXFileReference; lastKnownFileType = text.man; path = DspDemo.1; sourceTree = "<group>"; };
		2D077F0E163345940063C031 /* DspAdder.h */ = {isa = PBXFileReference; fileEncoding = 4; lastKnownFileType = sourcecode.c.h; name = DspAdder.h; path = ../../../DspDemo/DspDemo/Source/DspAdder.h; sourceTree = "<group>"; };
		2D077F0F163345940063C031 /* DspAudioDevice.h */ = {isa = PBXFileReference; fileEncoding = 4; lastKnownFileType = sourcecode.c.h; name = DspAudioDevice.h; path = ../../../DspDemo/DspDemo/Source/DspAudioDevice.h; sourceTree = "<group>"; };
		2D077F10163345940063C031 /* DspGain.h */ = {isa = PBXFileReference; fileEncoding = 4; lastKnownFileType = sourcecode.c.h; name = DspGain.h; path = ../../../DspDemo/DspDemo/Source/DspGain.h; sourceTree = "<group>"; };
		2D077F11163345940063C031 /* DspMp3Decoder.h */ = {isa = PBXFileReference; fileEncoding = 4; lastKnownFileType = sourcecode.c.h; name = DspMp3Decoder.h; path = ../../../DspDemo/DspDemo/Source/DspMp3Decoder.h; sourceTree = "<group>"; };
		2D077F12163345940063C031 /* DspOscillator.cpp */ = {isa = PBXFileReference; fileEncoding = 4; lastKnownFileType = sourcecode.cpp.cpp; name = DspOscillator.cpp; path = ../../../DspDemo/DspDemo/Source/DspOscillator.cpp; sourceTree = "<group>"; };
		2D077F13163345940063C031 /* DspOscillator.h */ = {isa = PBXFileReference; fileEncoding = 4; lastKnownFileType = sourcecode.c.h; name = DspOscillator.h; path = ../../../DspDemo/DspDemo/Source/DspOscillator.h; sourceTree = "<group>"; };
		2D077F14163345940063C031 /* main.cpp */ = {isa = PBXFileReference; fileEncoding = 4; lastKnownFileType = sourcecode.cpp.cpp; name = main.cpp; path = ../../../DspDemo/DspDemo/Source/main.cpp; sourceTree = "<group>"; };
		2D077F21163345B80063C031 /* AudioToolbox.framework */ = {isa = PBXFileReference; lastKnownFileType = wrapper.framework; name = AudioToolbox.framework; path = ../../../../../../System/Library/Frameworks/AudioToolbox.framework; sourceTree = "<group>"; };
		2D077F22163345B80063C031 /* AudioUnit.framework */ = {isa = PBXFileReference; lastKnownFileType = wrapper.framework; name = AudioUnit.framework; path = ../../../../../../System/Library/Frameworks/AudioUnit.framework; sourceTree = "<group>"; };
		2D077F23163345B80063C031 /* CoreAudio.framework */ = {isa = PBXFileReference; lastKnownFileType = wrapper.framework; name = CoreAudio.framework; path = ../../../../../../System/Library/Frameworks/CoreAudio.framework; sourceTree = "<group>"; };
		2D077F24163345B80063C031 /* CoreServices.framework */ = {isa = PBXFileReference; lastKnownFileType = wrapper.framework; name = CoreServices.framework; path = ../../../../../../System/Library/Frameworks/CoreServices.framework; sourceTree = "<group>"; };
		2D077F331633462F0063C031 /* libmpg123.0.dylib */ = {isa = PBXFileReference; lastKnownFileType = "compiled.mach-o.dylib"; name = libmpg123.0.dylib; path = ../libmpg123.0.dylib; sourceTree = "<group>"; };
		2D077F361633464E0063C031 /* libDspDemoComponents.a */ = {isa = PBXFileReference; lastKnownFileType = archive.ar; path = libDspDemoComponents.a; sourceTree = "<group>"; };
		2D077F38163346C30063C031 /* libDSPatch.a */ = {isa = PBXFileReference; lastKnownFileType = archive.ar; name = libDSPatch.a; path = "../../../../../../Users/marcustomlinson/Library/Developer/Xcode/DerivedData/DSPatch-cdowbgpduzfabdbmszicnnhsysks/Build/Products/Debug/libDSPatch.a"; sourceTree = "<group>"; };
/* End PBXFileReference section */

/* Begin PBXFrameworksBuildPhase section */
		2D077EF7163345690063C031 /* Frameworks */ = {
			isa = PBXFrameworksBuildPhase;
			buildActionMask = 2147483647;
			files = (
				2D077F39163346C30063C031 /* libDSPatch.a in Frameworks */,
				2D077F25163345B80063C031 /* AudioToolbox.framework in Frameworks */,
				2D077F26163345B80063C031 /* AudioUnit.framework in Frameworks */,
				2D077F27163345B80063C031 /* CoreAudio.framework in Frameworks */,
				2D077F28163345B80063C031 /* CoreServices.framework in Frameworks */,
				2D077F341633462F0063C031 /* libmpg123.0.dylib in Frameworks */,
				2D077F371633464E0063C031 /* libDspDemoComponents.a in Frameworks */,
			);
			runOnlyForDeploymentPostprocessing = 0;
		};
/* End PBXFrameworksBuildPhase section */

/* Begin PBXGroup section */
		2D077EEF163345690063C031 = {
			isa = PBXGroup;
			children = (
				2D077F21163345B80063C031 /* AudioToolbox.framework */,
				2D077F22163345B80063C031 /* AudioUnit.framework */,
				2D077F23163345B80063C031 /* CoreAudio.framework */,
				2D077F24163345B80063C031 /* CoreServices.framework */,
				2D077F361633464E0063C031 /* libDspDemoComponents.a */,
				2D077F38163346C30063C031 /* libDSPatch.a */,
				2D077F331633462F0063C031 /* libmpg123.0.dylib */,
				2D077F0D163345730063C031 /* Source */,
				2D077EFD163345690063C031 /* DspDemo */,
				2D077EFB163345690063C031 /* Products */,
			);
			sourceTree = "<group>";
		};
		2D077EFB163345690063C031 /* Products */ = {
			isa = PBXGroup;
			children = (
				2D077EFA163345690063C031 /* DspDemo */,
			);
			name = Products;
			sourceTree = "<group>";
		};
		2D077EFD163345690063C031 /* DspDemo */ = {
			isa = PBXGroup;
			children = (
				2D077F00163345690063C031 /* DspDemo.1 */,
			);
			path = DspDemo;
			sourceTree = "<group>";
		};
		2D077F0D163345730063C031 /* Source */ = {
			isa = PBXGroup;
			children = (
				2D077F14163345940063C031 /* main.cpp */,
				2D077F0E163345940063C031 /* DspAdder.h */,
				2D077F0F163345940063C031 /* DspAudioDevice.h */,
				2D077F10163345940063C031 /* DspGain.h */,
				2D077F11163345940063C031 /* DspMp3Decoder.h */,
				2D077F12163345940063C031 /* DspOscillator.cpp */,
				2D077F13163345940063C031 /* DspOscillator.h */,
			);
			name = Source;
			sourceTree = "<group>";
		};
/* End PBXGroup section */

/* Begin PBXNativeTarget section */
		2D077EF9163345690063C031 /* DspDemo */ = {
			isa = PBXNativeTarget;
			buildConfigurationList = 2D077F04163345690063C031 /* Build configuration list for PBXNativeTarget "DspDemo" */;
			buildPhases = (
				2D077EF6163345690063C031 /* Sources */,
				2D077EF7163345690063C031 /* Frameworks */,
				2D077EF8163345690063C031 /* CopyFiles */,
				2D82E6791633486700F8DD19 /* CopyFiles */,
			);
			buildRules = (
			);
			dependencies = (
			);
			name = DspDemo;
			productName = DspDemo;
			productReference = 2D077EFA163345690063C031 /* DspDemo */;
			productType = "com.apple.product-type.tool";
		};
/* End PBXNativeTarget section */

/* Begin PBXProject section */
		2D077EF1163345690063C031 /* Project object */ = {
			isa = PBXProject;
			attributes = {
				LastUpgradeCheck = 0420;
				ORGANIZATIONNAME = "Adapt Audio";
			};
			buildConfigurationList = 2D077EF4163345690063C031 /* Build configuration list for PBXProject "DspDemo" */;
			compatibilityVersion = "Xcode 3.2";
			developmentRegion = English;
			hasScannedForEncodings = 0;
			knownRegions = (
				en,
			);
			mainGroup = 2D077EEF163345690063C031;
			productRefGroup = 2D077EFB163345690063C031 /* Products */;
			projectDirPath = "";
			projectRoot = "";
			targets = (
				2D077EF9163345690063C031 /* DspDemo */,
			);
		};
/* End PBXProject section */

/* Begin PBXSourcesBuildPhase section */
		2D077EF6163345690063C031 /* Sources */ = {
			isa = PBXSourcesBuildPhase;
			buildActionMask = 2147483647;
			files = (
				2D077F15163345940063C031 /* DspOscillator.cpp in Sources */,
				2D077F16163345940063C031 /* main.cpp in Sources */,
			);
			runOnlyForDeploymentPostprocessing = 0;
		};
/* End PBXSourcesBuildPhase section */

/* Begin XCBuildConfiguration section */
		2D077F02163345690063C031 /* Debug */ = {
			isa = XCBuildConfiguration;
			buildSettings = {
				ALWAYS_SEARCH_USER_PATHS = NO;
				ARCHS = "$(ARCHS_STANDARD_64_BIT)";
				CLANG_ENABLE_OBJC_ARC = YES;
				COPY_PHASE_STRIP = NO;
				GCC_C_LANGUAGE_STANDARD = gnu99;
				GCC_DYNAMIC_NO_PIC = NO;
				GCC_ENABLE_OBJC_EXCEPTIONS = YES;
				GCC_OPTIMIZATION_LEVEL = 0;
				GCC_PREPROCESSOR_DEFINITIONS = (
					"DEBUG=1",
					"$(inherited)",
				);
				GCC_SYMBOLS_PRIVATE_EXTERN = NO;
				GCC_VERSION = com.apple.compilers.llvm.clang.1_0;
				GCC_WARN_64_TO_32_BIT_CONVERSION = YES;
				GCC_WARN_ABOUT_MISSING_PROTOTYPES = YES;
				GCC_WARN_ABOUT_RETURN_TYPE = YES;
				GCC_WARN_UNUSED_VARIABLE = YES;
				MACOSX_DEPLOYMENT_TARGET = 10.7;
				ONLY_ACTIVE_ARCH = YES;
				SDKROOT = macosx;
			};
			name = Debug;
		};
		2D077F03163345690063C031 /* Release */ = {
			isa = XCBuildConfiguration;
			buildSettings = {
				ALWAYS_SEARCH_USER_PATHS = NO;
				ARCHS = "$(ARCHS_STANDARD_64_BIT)";
				CLANG_ENABLE_OBJC_ARC = YES;
				COPY_PHASE_STRIP = YES;
				DEBUG_INFORMATION_FORMAT = "dwarf-with-dsym";
				GCC_C_LANGUAGE_STANDARD = gnu99;
				GCC_ENABLE_OBJC_EXCEPTIONS = YES;
				GCC_VERSION = com.apple.compilers.llvm.clang.1_0;
				GCC_WARN_64_TO_32_BIT_CONVERSION = YES;
				GCC_WARN_ABOUT_MISSING_PROTOTYPES = YES;
				GCC_WARN_ABOUT_RETURN_TYPE = YES;
				GCC_WARN_UNUSED_VARIABLE = YES;
				MACOSX_DEPLOYMENT_TARGET = 10.7;
				SDKROOT = macosx;
			};
			name = Release;
		};
		2D077F05163345690063C031 /* Debug */ = {
			isa = XCBuildConfiguration;
			buildSettings = {
				GCC_PREPROCESSOR_DEFINITIONS = (
					"DEBUG=1",
					DSP_UNIX,
				);
				HEADER_SEARCH_PATHS = "\"$(SRCROOT)/../../../DSPatch/Include\"";
				LIBRARY_SEARCH_PATHS = (
					"$(inherited)",
					"\"$(SRCROOT)/..\"",
					"\"$(SRCROOT)\"",
					"\"/Users/marcustomlinson/Library/Developer/Xcode/DerivedData/DSPatch-cdowbgpduzfabdbmszicnnhsysks/Build/Products/Debug\"",
				);
				PRODUCT_NAME = "$(TARGET_NAME)";
			};
			name = Debug;
		};
		2D077F06163345690063C031 /* Release */ = {
			isa = XCBuildConfiguration;
			buildSettings = {
				GCC_PREPROCESSOR_DEFINITIONS = DSP_UNIX;
				HEADER_SEARCH_PATHS = "\"$(SRCROOT)/../../../DSPatch/Include\"";
				LIBRARY_SEARCH_PATHS = (
					"$(inherited)",
					"\"$(SRCROOT)/..\"",
					"\"$(SRCROOT)\"",
					"\"/Users/marcustomlinson/Library/Developer/Xcode/DerivedData/DSPatch-cdowbgpduzfabdbmszicnnhsysks/Build/Products/Debug\"",
				);
				PRODUCT_NAME = "$(TARGET_NAME)";
			};
			name = Release;
		};
/* End XCBuildConfiguration section */

/* Begin XCConfigurationList section */
		2D077EF4163345690063C031 /* Build configuration list for PBXProject "DspDemo" */ = {
			isa = XCConfigurationList;
			buildConfigurations = (
				2D077F02163345690063C031 /* Debug */,
				2D077F03163345690063C031 /* Release */,
			);
			defaultConfigurationIsVisible = 0;
			defaultConfigurationName = Release;
		};
		2D077F04163345690063C031 /* Build configuration list for PBXNativeTarget "DspDemo" */ = {
			isa = XCConfigurationList;
			buildConfigurations = (
				2D077F05163345690063C031 /* Debug */,
				2D077F06163345690063C031 /* Release */,
			);
			defaultConfigurationIsVisible = 0;
			defaultConfigurationName = Release;
		};
/* End XCConfigurationList section */
	};
	rootObject = 2D077EF1163345690063C031 /* Project object */;
}
